// !$*UTF8*$!
{
	archiveVersion = 1;
	classes = {
	};
	objectVersion = 56;
	objects = {

/* Begin PBXBuildFile section */
		8A3517342A40EFF600A4F509 /* CocoaAsyncSocket.h in Headers */ = {isa = PBXBuildFile; fileRef = 8A4886CF2A379CE8006399FF /* CocoaAsyncSocket.h */; settings = {ATTRIBUTES = (Public, ); }; };
		8A3517352A40F00200A4F509 /* GCDAsyncSocket.h in Headers */ = {isa = PBXBuildFile; fileRef = 8A4886CE2A379CE8006399FF /* GCDAsyncSocket.h */; settings = {ATTRIBUTES = (Public, ); }; };
		8A3517362A40F00800A4F509 /* GCDAsyncUdpSocket.h in Headers */ = {isa = PBXBuildFile; fileRef = 8A4886CD2A379CE8006399FF /* GCDAsyncUdpSocket.h */; settings = {ATTRIBUTES = (Public, ); }; };
		8A3517372A40F01100A4F509 /* AFHTTPSessionManager.h in Headers */ = {isa = PBXBuildFile; fileRef = 8A4886C72A379CE8006399FF /* AFHTTPSessionManager.h */; settings = {ATTRIBUTES = (Public, ); }; };
		8A3517382A40F01600A4F509 /* AFCompatibilityMacros.h in Headers */ = {isa = PBXBuildFile; fileRef = 8A4886C62A379CE8006399FF /* AFCompatibilityMacros.h */; settings = {ATTRIBUTES = (Public, ); }; };
		8A3517392A40F01D00A4F509 /* AFNetworking.h in Headers */ = {isa = PBXBuildFile; fileRef = 8A4886C32A379CE8006399FF /* AFNetworking.h */; settings = {ATTRIBUTES = (Public, ); }; };
		8A35173A2A40F02400A4F509 /* AFURLResponseSerialization.h in Headers */ = {isa = PBXBuildFile; fileRef = 8A4886C02A379CE8006399FF /* AFURLResponseSerialization.h */; settings = {ATTRIBUTES = (Public, ); }; };
		8A35173B2A40F02B00A4F509 /* AFURLRequestSerialization.h in Headers */ = {isa = PBXBuildFile; fileRef = 8A4886BD2A379CE8006399FF /* AFURLRequestSerialization.h */; settings = {ATTRIBUTES = (Public, ); }; };
		8A35173C2A40F03000A4F509 /* AFURLSessionManager.h in Headers */ = {isa = PBXBuildFile; fileRef = 8A4886BC2A379CE8006399FF /* AFURLSessionManager.h */; settings = {ATTRIBUTES = (Public, ); }; };
		8A35173D2A40F03500A4F509 /* AFNetworkReachabilityManager.h in Headers */ = {isa = PBXBuildFile; fileRef = 8A4886BB2A379CE8006399FF /* AFNetworkReachabilityManager.h */; settings = {ATTRIBUTES = (Public, ); }; };
		8A35173E2A40F03A00A4F509 /* AFSecurityPolicy.h in Headers */ = {isa = PBXBuildFile; fileRef = 8A4886BA2A379CE8006399FF /* AFSecurityPolicy.h */; settings = {ATTRIBUTES = (Public, ); }; };
		8A35173F2A40F33000A4F509 /* AFSecurityPolicy.h in Sources */ = {isa = PBXBuildFile; fileRef = 8A4886BA2A379CE8006399FF /* AFSecurityPolicy.h */; };
		8A3517402A40F33000A4F509 /* AFNetworkReachabilityManager.h in Sources */ = {isa = PBXBuildFile; fileRef = 8A4886BB2A379CE8006399FF /* AFNetworkReachabilityManager.h */; };
		8A3517412A40F33000A4F509 /* AFURLSessionManager.h in Sources */ = {isa = PBXBuildFile; fileRef = 8A4886BC2A379CE8006399FF /* AFURLSessionManager.h */; };
		8A3517422A40F33000A4F509 /* AFURLRequestSerialization.h in Sources */ = {isa = PBXBuildFile; fileRef = 8A4886BD2A379CE8006399FF /* AFURLRequestSerialization.h */; };
		8A3517432A40F33000A4F509 /* AFURLResponseSerialization.h in Sources */ = {isa = PBXBuildFile; fileRef = 8A4886C02A379CE8006399FF /* AFURLResponseSerialization.h */; };
		8A3517442A40F33000A4F509 /* AFNetworking.h in Sources */ = {isa = PBXBuildFile; fileRef = 8A4886C32A379CE8006399FF /* AFNetworking.h */; };
		8A3517452A40F33000A4F509 /* AFCompatibilityMacros.h in Sources */ = {isa = PBXBuildFile; fileRef = 8A4886C62A379CE8006399FF /* AFCompatibilityMacros.h */; };
		8A3517462A40F33000A4F509 /* AFHTTPSessionManager.h in Sources */ = {isa = PBXBuildFile; fileRef = 8A4886C72A379CE8006399FF /* AFHTTPSessionManager.h */; };
		8A3517472A40F36600A4F509 /* GCDAsyncUdpSocket.h in Sources */ = {isa = PBXBuildFile; fileRef = 8A4886CD2A379CE8006399FF /* GCDAsyncUdpSocket.h */; };
		8A3517482A40F36600A4F509 /* GCDAsyncSocket.h in Sources */ = {isa = PBXBuildFile; fileRef = 8A4886CE2A379CE8006399FF /* GCDAsyncSocket.h */; };
		8A3517492A40F36600A4F509 /* CocoaAsyncSocket.h in Sources */ = {isa = PBXBuildFile; fileRef = 8A4886CF2A379CE8006399FF /* CocoaAsyncSocket.h */; };
		8A4886732A379C2A006399FF /* EspExtLib.h in Sources */ = {isa = PBXBuildFile; fileRef = 8A4886722A379C2A006399FF /* EspExtLib.h */; settings = {ATTRIBUTES = (Public, ); }; };
		8A48867B2A379C3C006399FF /* UIKit.framework in Frameworks */ = {isa = PBXBuildFile; fileRef = 8A48867A2A379C3C006399FF /* UIKit.framework */; };
		8A48867D2A379C44006399FF /* Foundation.framework in Frameworks */ = {isa = PBXBuildFile; fileRef = 8A48867C2A379C44006399FF /* Foundation.framework */; };
		8A48867F2A379C4B006399FF /* CoreGraphics.framework in Frameworks */ = {isa = PBXBuildFile; fileRef = 8A48867E2A379C4B006399FF /* CoreGraphics.framework */; };
		8A4886812A379C53006399FF /* NetworkExtension.framework in Frameworks */ = {isa = PBXBuildFile; fileRef = 8A4886802A379C53006399FF /* NetworkExtension.framework */; };
		8A4886E52A379CE9006399FF /* ESPUDPSocketClient.h in Sources */ = {isa = PBXBuildFile; fileRef = 8A4886842A379CE7006399FF /* ESPUDPSocketClient.h */; settings = {ATTRIBUTES = (Public, ); }; };
		8A4886E62A379CE9006399FF /* ESPUDPSocketServer.m in Sources */ = {isa = PBXBuildFile; fileRef = 8A4886852A379CE7006399FF /* ESPUDPSocketServer.m */; };
		8A4886E72A379CE9006399FF /* ESPUDPSocketClient.m in Sources */ = {isa = PBXBuildFile; fileRef = 8A4886862A379CE7006399FF /* ESPUDPSocketClient.m */; };
		8A4886E82A379CE9006399FF /* ESPUDPSocketServer.h in Sources */ = {isa = PBXBuildFile; fileRef = 8A4886872A379CE7006399FF /* ESPUDPSocketServer.h */; settings = {ATTRIBUTES = (Public, ); }; };
		8A4886E92A379CE9006399FF /* ESPGuideCode.m in Sources */ = {isa = PBXBuildFile; fileRef = 8A4886892A379CE7006399FF /* ESPGuideCode.m */; };
		8A4886EA2A379CE9006399FF /* ESPTouchGenerator.m in Sources */ = {isa = PBXBuildFile; fileRef = 8A48868A2A379CE7006399FF /* ESPTouchGenerator.m */; };
		8A4886EB2A379CE9006399FF /* ESPDataCode.h in Sources */ = {isa = PBXBuildFile; fileRef = 8A48868B2A379CE7006399FF /* ESPDataCode.h */; settings = {ATTRIBUTES = (Public, ); }; };
		8A4886EC2A379CE9006399FF /* ESPDatumCode.h in Sources */ = {isa = PBXBuildFile; fileRef = 8A48868C2A379CE7006399FF /* ESPDatumCode.h */; settings = {ATTRIBUTES = (Public, ); }; };
		8A4886ED2A379CE9006399FF /* ESPGuideCode.h in Sources */ = {isa = PBXBuildFile; fileRef = 8A48868D2A379CE7006399FF /* ESPGuideCode.h */; settings = {ATTRIBUTES = (Public, ); }; };
		8A4886EE2A379CE9006399FF /* ESPDataCode.m in Sources */ = {isa = PBXBuildFile; fileRef = 8A48868E2A379CE7006399FF /* ESPDataCode.m */; };
		8A4886EF2A379CE9006399FF /* ESPTouchGenerator.h in Sources */ = {isa = PBXBuildFile; fileRef = 8A48868F2A379CE7006399FF /* ESPTouchGenerator.h */; settings = {ATTRIBUTES = (Public, ); }; };
		8A4886F02A379CE9006399FF /* ESPDatumCode.m in Sources */ = {isa = PBXBuildFile; fileRef = 8A4886902A379CE7006399FF /* ESPDatumCode.m */; };
		8A4886F22A379CE9006399FF /* ESPTouchResult.m in Sources */ = {isa = PBXBuildFile; fileRef = 8A4886932A379CE7006399FF /* ESPTouchResult.m */; };
		8A4886F32A379CE9006399FF /* ESPTouchTaskParameter.h in Sources */ = {isa = PBXBuildFile; fileRef = 8A4886942A379CE7006399FF /* ESPTouchTaskParameter.h */; settings = {ATTRIBUTES = (Public, ); }; };
		8A4886F42A379CE9006399FF /* ESPTouchTaskParameter.m in Sources */ = {isa = PBXBuildFile; fileRef = 8A4886952A379CE7006399FF /* ESPTouchTaskParameter.m */; };
		8A4886F52A379CE9006399FF /* ESPTouchTask.m in Sources */ = {isa = PBXBuildFile; fileRef = 8A4886962A379CE7006399FF /* ESPTouchTask.m */; };
		8A4886F62A379CE9006399FF /* ESPTouchTask.h in Sources */ = {isa = PBXBuildFile; fileRef = 8A4886982A379CE7006399FF /* ESPTouchTask.h */; settings = {ATTRIBUTES = (Public, ); }; };
		8A4886F72A379CE9006399FF /* ESPTouchResult.h in Sources */ = {isa = PBXBuildFile; fileRef = 8A4886992A379CE7006399FF /* ESPTouchResult.h */; settings = {ATTRIBUTES = (Public, ); }; };
		8A4886F82A379CE9006399FF /* ESPTouchDelegate.h in Sources */ = {isa = PBXBuildFile; fileRef = 8A48869A2A379CE7006399FF /* ESPTouchDelegate.h */; settings = {ATTRIBUTES = (Public, ); }; };
		8A4886F92A379CE9006399FF /* ESPProvisioningResult.h in Sources */ = {isa = PBXBuildFile; fileRef = 8A48869C2A379CE8006399FF /* ESPProvisioningResult.h */; settings = {ATTRIBUTES = (Public, ); }; };
		8A4886FA2A379CE9006399FF /* ESPProvisioningUDP.m in Sources */ = {isa = PBXBuildFile; fileRef = 8A48869D2A379CE8006399FF /* ESPProvisioningUDP.m */; };
		8A4886FB2A379CE9006399FF /* ESPProvisioningParams.h in Sources */ = {isa = PBXBuildFile; fileRef = 8A48869E2A379CE8006399FF /* ESPProvisioningParams.h */; settings = {ATTRIBUTES = (Public, ); }; };
		8A4886FC2A379CE9006399FF /* ESPProvisioningRequest.m in Sources */ = {isa = PBXBuildFile; fileRef = 8A48869F2A379CE8006399FF /* ESPProvisioningRequest.m */; };
		8A4886FD2A379CE9006399FF /* ESPPacketUtils.h in Sources */ = {isa = PBXBuildFile; fileRef = 8A4886A02A379CE8006399FF /* ESPPacketUtils.h */; settings = {ATTRIBUTES = (Public, ); }; };
		8A4886FE2A379CE9006399FF /* ESPProvisioner.h in Sources */ = {isa = PBXBuildFile; fileRef = 8A4886A12A379CE8006399FF /* ESPProvisioner.h */; settings = {ATTRIBUTES = (Public, ); }; };
		8A4887002A379CE9006399FF /* ESPProvisioningResult.m in Sources */ = {isa = PBXBuildFile; fileRef = 8A4886A32A379CE8006399FF /* ESPProvisioningResult.m */; };
		8A4887012A379CE9006399FF /* ESPProvisioningUDP.h in Sources */ = {isa = PBXBuildFile; fileRef = 8A4886A42A379CE8006399FF /* ESPProvisioningUDP.h */; settings = {ATTRIBUTES = (Public, ); }; };
		8A4887022A379CE9006399FF /* ESPProvisioningListeners.h in Sources */ = {isa = PBXBuildFile; fileRef = 8A4886A52A379CE8006399FF /* ESPProvisioningListeners.h */; settings = {ATTRIBUTES = (Public, ); }; };
		8A4887032A379CE9006399FF /* ESPProvisioningRequest.h in Sources */ = {isa = PBXBuildFile; fileRef = 8A4886A62A379CE8006399FF /* ESPProvisioningRequest.h */; settings = {ATTRIBUTES = (Public, ); }; };
		8A4887042A379CE9006399FF /* ESPProvisioningParams.m in Sources */ = {isa = PBXBuildFile; fileRef = 8A4886A72A379CE8006399FF /* ESPProvisioningParams.m */; };
		8A4887052A379CE9006399FF /* ESPProvisioner.m in Sources */ = {isa = PBXBuildFile; fileRef = 8A4886A82A379CE8006399FF /* ESPProvisioner.m */; };
		8A4887062A379CE9006399FF /* ESPPacketUtils.m in Sources */ = {isa = PBXBuildFile; fileRef = 8A4886A92A379CE8006399FF /* ESPPacketUtils.m */; };
		8A4887072A379CE9006399FF /* ESPTools.m in Sources */ = {isa = PBXBuildFile; fileRef = 8A4886AC2A379CE8006399FF /* ESPTools.m */; };
		8A4887082A379CE9006399FF /* ESP_NetUtil.m in Sources */ = {isa = PBXBuildFile; fileRef = 8A4886AD2A379CE8006399FF /* ESP_NetUtil.m */; };
		8A4887092A379CE9006399FF /* ESP_ByteUtil.m in Sources */ = {isa = PBXBuildFile; fileRef = 8A4886AE2A379CE8006399FF /* ESP_ByteUtil.m */; };
		8A48870A2A379CE9006399FF /* ESP_WifiUtil.m in Sources */ = {isa = PBXBuildFile; fileRef = 8A4886AF2A379CE8006399FF /* ESP_WifiUtil.m */; };
		8A48870B2A379CE9006399FF /* ESP_CRC8.m in Sources */ = {isa = PBXBuildFile; fileRef = 8A4886B02A379CE8006399FF /* ESP_CRC8.m */; };
		8A48870C2A379CE9006399FF /* ESPVersionMacro.h in Sources */ = {isa = PBXBuildFile; fileRef = 8A4886B12A379CE8006399FF /* ESPVersionMacro.h */; settings = {ATTRIBUTES = (Public, ); }; };
		8A48870D2A379CE9006399FF /* ESPAES.h in Sources */ = {isa = PBXBuildFile; fileRef = 8A4886B22A379CE8006399FF /* ESPAES.h */; settings = {ATTRIBUTES = (Public, ); }; };
		8A48870E2A379CE9006399FF /* ESP_NetUtil.h in Sources */ = {isa = PBXBuildFile; fileRef = 8A4886B32A379CE8006399FF /* ESP_NetUtil.h */; settings = {ATTRIBUTES = (Public, ); }; };
		8A48870F2A379CE9006399FF /* ESP_ByteUtil.h in Sources */ = {isa = PBXBuildFile; fileRef = 8A4886B42A379CE8006399FF /* ESP_ByteUtil.h */; settings = {ATTRIBUTES = (Public, ); }; };
		8A4887102A379CE9006399FF /* ESPTools.h in Sources */ = {isa = PBXBuildFile; fileRef = 8A4886B52A379CE8006399FF /* ESPTools.h */; settings = {ATTRIBUTES = (Public, ); }; };
		8A4887112A379CE9006399FF /* ESP_CRC8.h in Sources */ = {isa = PBXBuildFile; fileRef = 8A4886B62A379CE8006399FF /* ESP_CRC8.h */; settings = {ATTRIBUTES = (Public, ); }; };
		8A4887122A379CE9006399FF /* ESP_WifiUtil.h in Sources */ = {isa = PBXBuildFile; fileRef = 8A4886B72A379CE8006399FF /* ESP_WifiUtil.h */; settings = {ATTRIBUTES = (Public, ); }; };
		8A4887132A379CE9006399FF /* ESPAES.m in Sources */ = {isa = PBXBuildFile; fileRef = 8A4886B82A379CE8006399FF /* ESPAES.m */; };
		8A4887182A379CE9006399FF /* AFURLResponseSerialization.m in Sources */ = {isa = PBXBuildFile; fileRef = 8A4886BE2A379CE8006399FF /* AFURLResponseSerialization.m */; };
		8A4887192A379CE9006399FF /* AFHTTPSessionManager.m in Sources */ = {isa = PBXBuildFile; fileRef = 8A4886BF2A379CE8006399FF /* AFHTTPSessionManager.m */; };
		8A48871B2A379CE9006399FF /* AFURLSessionManager.m in Sources */ = {isa = PBXBuildFile; fileRef = 8A4886C12A379CE8006399FF /* AFURLSessionManager.m */; };
		8A48871C2A379CE9006399FF /* AFURLRequestSerialization.m in Sources */ = {isa = PBXBuildFile; fileRef = 8A4886C22A379CE8006399FF /* AFURLRequestSerialization.m */; };
		8A48871E2A379CE9006399FF /* AFNetworkReachabilityManager.m in Sources */ = {isa = PBXBuildFile; fileRef = 8A4886C42A379CE8006399FF /* AFNetworkReachabilityManager.m */; };
		8A48871F2A379CE9006399FF /* AFSecurityPolicy.m in Sources */ = {isa = PBXBuildFile; fileRef = 8A4886C52A379CE8006399FF /* AFSecurityPolicy.m */; };
		8A4887222A379CE9006399FF /* Documentation.html in Resources */ = {isa = PBXBuildFile; fileRef = 8A4886CA2A379CE8006399FF /* Documentation.html */; };
		8A4887232A379CE9006399FF /* GCDAsyncUdpSocket.m in Sources */ = {isa = PBXBuildFile; fileRef = 8A4886CB2A379CE8006399FF /* GCDAsyncUdpSocket.m */; };
		8A4887242A379CE9006399FF /* GCDAsyncSocket.m in Sources */ = {isa = PBXBuildFile; fileRef = 8A4886CC2A379CE8006399FF /* GCDAsyncSocket.m */; };
		8A4887282A379CE9006399FF /* DDTTYLogger.m in Sources */ = {isa = PBXBuildFile; fileRef = 8A4886D22A379CE8006399FF /* DDTTYLogger.m */; };
		8A4887292A379CE9006399FF /* DDLog.h in Sources */ = {isa = PBXBuildFile; fileRef = 8A4886D32A379CE8006399FF /* DDLog.h */; settings = {ATTRIBUTES = (Public, ); }; };
		8A48872A2A379CE9006399FF /* DDAbstractDatabaseLogger.h in Sources */ = {isa = PBXBuildFile; fileRef = 8A4886D42A379CE8006399FF /* DDAbstractDatabaseLogger.h */; settings = {ATTRIBUTES = (Public, ); }; };
		8A48872B2A379CE9006399FF /* DDASLLogger.m in Sources */ = {isa = PBXBuildFile; fileRef = 8A4886D52A379CE8006399FF /* DDASLLogger.m */; };
		8A48872C2A379CE9006399FF /* DDFileLogger.h in Sources */ = {isa = PBXBuildFile; fileRef = 8A4886D62A379CE8006399FF /* DDFileLogger.h */; settings = {ATTRIBUTES = (Public, ); }; };
		8A48872D2A379CE9006399FF /* DDContextFilterLogFormatter.m in Sources */ = {isa = PBXBuildFile; fileRef = 8A4886D82A379CE9006399FF /* DDContextFilterLogFormatter.m */; };
		8A48872E2A379CE9006399FF /* DDDispatchQueueLogFormatter.m in Sources */ = {isa = PBXBuildFile; fileRef = 8A4886D92A379CE9006399FF /* DDDispatchQueueLogFormatter.m */; };
		8A48872F2A379CE9006399FF /* DDMultiFormatter.h in Sources */ = {isa = PBXBuildFile; fileRef = 8A4886DA2A379CE9006399FF /* DDMultiFormatter.h */; settings = {ATTRIBUTES = (Public, ); }; };
		8A4887302A379CE9006399FF /* DDContextFilterLogFormatter.h in Sources */ = {isa = PBXBuildFile; fileRef = 8A4886DB2A379CE9006399FF /* DDContextFilterLogFormatter.h */; settings = {ATTRIBUTES = (Public, ); }; };
		8A4887312A379CE9006399FF /* DDMultiFormatter.m in Sources */ = {isa = PBXBuildFile; fileRef = 8A4886DC2A379CE9006399FF /* DDMultiFormatter.m */; };
		8A4887322A379CE9006399FF /* DDDispatchQueueLogFormatter.h in Sources */ = {isa = PBXBuildFile; fileRef = 8A4886DD2A379CE9006399FF /* DDDispatchQueueLogFormatter.h */; settings = {ATTRIBUTES = (Public, ); }; };
		8A4887342A379CE9006399FF /* DDLog.m in Sources */ = {isa = PBXBuildFile; fileRef = 8A4886DF2A379CE9006399FF /* DDLog.m */; };
		8A4887352A379CE9006399FF /* DDTTYLogger.h in Sources */ = {isa = PBXBuildFile; fileRef = 8A4886E02A379CE9006399FF /* DDTTYLogger.h */; settings = {ATTRIBUTES = (Public, ); }; };
		8A4887362A379CE9006399FF /* DDLog+LOGV.h in Sources */ = {isa = PBXBuildFile; fileRef = 8A4886E12A379CE9006399FF /* DDLog+LOGV.h */; settings = {ATTRIBUTES = (Public, ); }; };
		8A4887372A379CE9006399FF /* DDAbstractDatabaseLogger.m in Sources */ = {isa = PBXBuildFile; fileRef = 8A4886E22A379CE9006399FF /* DDAbstractDatabaseLogger.m */; };
		8A4887382A379CE9006399FF /* DDFileLogger.m in Sources */ = {isa = PBXBuildFile; fileRef = 8A4886E32A379CE9006399FF /* DDFileLogger.m */; };
		8A4887392A379CE9006399FF /* DDASLLogger.h in Sources */ = {isa = PBXBuildFile; fileRef = 8A4886E42A379CE9006399FF /* DDASLLogger.h */; settings = {ATTRIBUTES = (Public, ); }; };
		8A7252E62A3CA34B009CC379 /* EspExtLib.h in Headers */ = {isa = PBXBuildFile; fileRef = 8A4886722A379C2A006399FF /* EspExtLib.h */; };
		8A7252E72A3CA34B009CC379 /* ESPVersionMacro.h in Headers */ = {isa = PBXBuildFile; fileRef = 8A4886B12A379CE8006399FF /* ESPVersionMacro.h */; settings = {ATTRIBUTES = (Public, ); }; };
		8A7252E82A3CA34B009CC379 /* ESPAES.h in Headers */ = {isa = PBXBuildFile; fileRef = 8A4886B22A379CE8006399FF /* ESPAES.h */; settings = {ATTRIBUTES = (Public, ); }; };
		8A7252E92A3CA34B009CC379 /* ESP_NetUtil.h in Headers */ = {isa = PBXBuildFile; fileRef = 8A4886B32A379CE8006399FF /* ESP_NetUtil.h */; settings = {ATTRIBUTES = (Public, ); }; };
		8A7252EA2A3CA34B009CC379 /* ESP_ByteUtil.h in Headers */ = {isa = PBXBuildFile; fileRef = 8A4886B42A379CE8006399FF /* ESP_ByteUtil.h */; settings = {ATTRIBUTES = (Public, ); }; };
		8A7252EB2A3CA34B009CC379 /* ESPTools.h in Headers */ = {isa = PBXBuildFile; fileRef = 8A4886B52A379CE8006399FF /* ESPTools.h */; settings = {ATTRIBUTES = (Public, ); }; };
		8A7252EC2A3CA34B009CC379 /* ESP_CRC8.h in Headers */ = {isa = PBXBuildFile; fileRef = 8A4886B62A379CE8006399FF /* ESP_CRC8.h */; settings = {ATTRIBUTES = (Public, ); }; };
		8A7252ED2A3CA34B009CC379 /* ESP_WifiUtil.h in Headers */ = {isa = PBXBuildFile; fileRef = 8A4886B72A379CE8006399FF /* ESP_WifiUtil.h */; settings = {ATTRIBUTES = (Public, ); }; };
		8A7252F92A3CA34B009CC379 /* DDLog.h in Headers */ = {isa = PBXBuildFile; fileRef = 8A4886D32A379CE8006399FF /* DDLog.h */; settings = {ATTRIBUTES = (Public, ); }; };
		8A7252FA2A3CA34B009CC379 /* DDAbstractDatabaseLogger.h in Headers */ = {isa = PBXBuildFile; fileRef = 8A4886D42A379CE8006399FF /* DDAbstractDatabaseLogger.h */; settings = {ATTRIBUTES = (Public, ); }; };
		8A7252FB2A3CA34B009CC379 /* DDFileLogger.h in Headers */ = {isa = PBXBuildFile; fileRef = 8A4886D62A379CE8006399FF /* DDFileLogger.h */; settings = {ATTRIBUTES = (Public, ); }; };
		8A7252FC2A3CA34B009CC379 /* DDMultiFormatter.h in Headers */ = {isa = PBXBuildFile; fileRef = 8A4886DA2A379CE9006399FF /* DDMultiFormatter.h */; settings = {ATTRIBUTES = (Public, ); }; };
		8A7252FD2A3CA34B009CC379 /* DDContextFilterLogFormatter.h in Headers */ = {isa = PBXBuildFile; fileRef = 8A4886DB2A379CE9006399FF /* DDContextFilterLogFormatter.h */; settings = {ATTRIBUTES = (Public, ); }; };
		8A7252FE2A3CA34B009CC379 /* DDDispatchQueueLogFormatter.h in Headers */ = {isa = PBXBuildFile; fileRef = 8A4886DD2A379CE9006399FF /* DDDispatchQueueLogFormatter.h */; settings = {ATTRIBUTES = (Public, ); }; };
		8A7252FF2A3CA34B009CC379 /* DDTTYLogger.h in Headers */ = {isa = PBXBuildFile; fileRef = 8A4886E02A379CE9006399FF /* DDTTYLogger.h */; settings = {ATTRIBUTES = (Public, ); }; };
		8A7253002A3CA34B009CC379 /* DDLog+LOGV.h in Headers */ = {isa = PBXBuildFile; fileRef = 8A4886E12A379CE9006399FF /* DDLog+LOGV.h */; settings = {ATTRIBUTES = (Public, ); }; };
		8A7253012A3CA34B009CC379 /* DDASLLogger.h in Headers */ = {isa = PBXBuildFile; fileRef = 8A4886E42A379CE9006399FF /* DDASLLogger.h */; settings = {ATTRIBUTES = (Public, ); }; };
		8A7253022A3CA34B009CC379 /* ESPUDPSocketClient.h in Headers */ = {isa = PBXBuildFile; fileRef = 8A4886842A379CE7006399FF /* ESPUDPSocketClient.h */; settings = {ATTRIBUTES = (Public, ); }; };
		8A7253032A3CA34B009CC379 /* ESPUDPSocketServer.h in Headers */ = {isa = PBXBuildFile; fileRef = 8A4886872A379CE7006399FF /* ESPUDPSocketServer.h */; settings = {ATTRIBUTES = (Public, ); }; };
		8A7253042A3CA34B009CC379 /* ESPDataCode.h in Headers */ = {isa = PBXBuildFile; fileRef = 8A48868B2A379CE7006399FF /* ESPDataCode.h */; settings = {ATTRIBUTES = (Public, ); }; };
		8A7253052A3CA34B009CC379 /* ESPDatumCode.h in Headers */ = {isa = PBXBuildFile; fileRef = 8A48868C2A379CE7006399FF /* ESPDatumCode.h */; settings = {ATTRIBUTES = (Public, ); }; };
		8A7253062A3CA34B009CC379 /* ESPGuideCode.h in Headers */ = {isa = PBXBuildFile; fileRef = 8A48868D2A379CE7006399FF /* ESPGuideCode.h */; settings = {ATTRIBUTES = (Public, ); }; };
		8A7253072A3CA34B009CC379 /* ESPTouchGenerator.h in Headers */ = {isa = PBXBuildFile; fileRef = 8A48868F2A379CE7006399FF /* ESPTouchGenerator.h */; settings = {ATTRIBUTES = (Public, ); }; };
		8A7253082A3CA34B009CC379 /* ESPTouchTaskParameter.h in Headers */ = {isa = PBXBuildFile; fileRef = 8A4886942A379CE7006399FF /* ESPTouchTaskParameter.h */; settings = {ATTRIBUTES = (Public, ); }; };
		8A7253092A3CA34B009CC379 /* ESPTouchTask.h in Headers */ = {isa = PBXBuildFile; fileRef = 8A4886982A379CE7006399FF /* ESPTouchTask.h */; settings = {ATTRIBUTES = (Public, ); }; };
		8A72530A2A3CA34B009CC379 /* ESPTouchResult.h in Headers */ = {isa = PBXBuildFile; fileRef = 8A4886992A379CE7006399FF /* ESPTouchResult.h */; settings = {ATTRIBUTES = (Public, ); }; };
		8A72530B2A3CA34B009CC379 /* ESPTouchDelegate.h in Headers */ = {isa = PBXBuildFile; fileRef = 8A48869A2A379CE7006399FF /* ESPTouchDelegate.h */; settings = {ATTRIBUTES = (Public, ); }; };
		8A72530C2A3CA34B009CC379 /* ESPProvisioningResult.h in Headers */ = {isa = PBXBuildFile; fileRef = 8A48869C2A379CE8006399FF /* ESPProvisioningResult.h */; settings = {ATTRIBUTES = (Public, ); }; };
		8A72530D2A3CA34B009CC379 /* ESPProvisioningParams.h in Headers */ = {isa = PBXBuildFile; fileRef = 8A48869E2A379CE8006399FF /* ESPProvisioningParams.h */; settings = {ATTRIBUTES = (Public, ); }; };
		8A72530E2A3CA34B009CC379 /* ESPPacketUtils.h in Headers */ = {isa = PBXBuildFile; fileRef = 8A4886A02A379CE8006399FF /* ESPPacketUtils.h */; settings = {ATTRIBUTES = (Public, ); }; };
		8A72530F2A3CA34B009CC379 /* ESPProvisioner.h in Headers */ = {isa = PBXBuildFile; fileRef = 8A4886A12A379CE8006399FF /* ESPProvisioner.h */; settings = {ATTRIBUTES = (Public, ); }; };
		8A7253102A3CA34B009CC379 /* ESPProvisioningUDP.h in Headers */ = {isa = PBXBuildFile; fileRef = 8A4886A42A379CE8006399FF /* ESPProvisioningUDP.h */; settings = {ATTRIBUTES = (Public, ); }; };
		8A7253112A3CA34B009CC379 /* ESPProvisioningListeners.h in Headers */ = {isa = PBXBuildFile; fileRef = 8A4886A52A379CE8006399FF /* ESPProvisioningListeners.h */; settings = {ATTRIBUTES = (Public, ); }; };
		8A7253122A3CA34B009CC379 /* ESPProvisioningRequest.h in Headers */ = {isa = PBXBuildFile; fileRef = 8A4886A62A379CE8006399FF /* ESPProvisioningRequest.h */; settings = {ATTRIBUTES = (Public, ); }; };
/* End PBXBuildFile section */

/* Begin PBXFileReference section */
		8A48866F2A379C2A006399FF /* EspExtLib.framework */ = {isa = PBXFileReference; explicitFileType = wrapper.framework; includeInIndex = 0; path = EspExtLib.framework; sourceTree = BUILT_PRODUCTS_DIR; };
		8A4886722A379C2A006399FF /* EspExtLib.h */ = {isa = PBXFileReference; lastKnownFileType = sourcecode.c.h; path = EspExtLib.h; sourceTree = "<group>"; };
		8A48867A2A379C3C006399FF /* UIKit.framework */ = {isa = PBXFileReference; lastKnownFileType = wrapper.framework; name = UIKit.framework; path = Platforms/MacOSX.platform/Developer/SDKs/MacOSX13.3.sdk/System/iOSSupport/System/Library/Frameworks/UIKit.framework; sourceTree = DEVELOPER_DIR; };
		8A48867C2A379C44006399FF /* Foundation.framework */ = {isa = PBXFileReference; lastKnownFileType = wrapper.framework; name = Foundation.framework; path = Platforms/MacOSX.platform/Developer/SDKs/MacOSX13.3.sdk/System/Library/Frameworks/Foundation.framework; sourceTree = DEVELOPER_DIR; };
		8A48867E2A379C4B006399FF /* CoreGraphics.framework */ = {isa = PBXFileReference; lastKnownFileType = wrapper.framework; name = CoreGraphics.framework; path = Platforms/MacOSX.platform/Developer/SDKs/MacOSX13.3.sdk/System/Library/Frameworks/CoreGraphics.framework; sourceTree = DEVELOPER_DIR; };
		8A4886802A379C53006399FF /* NetworkExtension.framework */ = {isa = PBXFileReference; lastKnownFileType = wrapper.framework; name = NetworkExtension.framework; path = Platforms/MacOSX.platform/Developer/SDKs/MacOSX13.3.sdk/System/Library/Frameworks/NetworkExtension.framework; sourceTree = DEVELOPER_DIR; };
		8A4886842A379CE7006399FF /* ESPUDPSocketClient.h */ = {isa = PBXFileReference; fileEncoding = 4; lastKnownFileType = sourcecode.c.h; path = ESPUDPSocketClient.h; sourceTree = "<group>"; };
		8A4886852A379CE7006399FF /* ESPUDPSocketServer.m */ = {isa = PBXFileReference; fileEncoding = 4; lastKnownFileType = sourcecode.c.objc; path = ESPUDPSocketServer.m; sourceTree = "<group>"; };
		8A4886862A379CE7006399FF /* ESPUDPSocketClient.m */ = {isa = PBXFileReference; fileEncoding = 4; lastKnownFileType = sourcecode.c.objc; path = ESPUDPSocketClient.m; sourceTree = "<group>"; };
		8A4886872A379CE7006399FF /* ESPUDPSocketServer.h */ = {isa = PBXFileReference; fileEncoding = 4; lastKnownFileType = sourcecode.c.h; path = ESPUDPSocketServer.h; sourceTree = "<group>"; };
		8A4886892A379CE7006399FF /* ESPGuideCode.m */ = {isa = PBXFileReference; fileEncoding = 4; lastKnownFileType = sourcecode.c.objc; path = ESPGuideCode.m; sourceTree = "<group>"; };
		8A48868A2A379CE7006399FF /* ESPTouchGenerator.m */ = {isa = PBXFileReference; fileEncoding = 4; lastKnownFileType = sourcecode.c.objc; path = ESPTouchGenerator.m; sourceTree = "<group>"; };
		8A48868B2A379CE7006399FF /* ESPDataCode.h */ = {isa = PBXFileReference; fileEncoding = 4; lastKnownFileType = sourcecode.c.h; path = ESPDataCode.h; sourceTree = "<group>"; };
		8A48868C2A379CE7006399FF /* ESPDatumCode.h */ = {isa = PBXFileReference; fileEncoding = 4; lastKnownFileType = sourcecode.c.h; path = ESPDatumCode.h; sourceTree = "<group>"; };
		8A48868D2A379CE7006399FF /* ESPGuideCode.h */ = {isa = PBXFileReference; fileEncoding = 4; lastKnownFileType = sourcecode.c.h; path = ESPGuideCode.h; sourceTree = "<group>"; };
		8A48868E2A379CE7006399FF /* ESPDataCode.m */ = {isa = PBXFileReference; fileEncoding = 4; lastKnownFileType = sourcecode.c.objc; path = ESPDataCode.m; sourceTree = "<group>"; };
		8A48868F2A379CE7006399FF /* ESPTouchGenerator.h */ = {isa = PBXFileReference; fileEncoding = 4; lastKnownFileType = sourcecode.c.h; path = ESPTouchGenerator.h; sourceTree = "<group>"; };
		8A4886902A379CE7006399FF /* ESPDatumCode.m */ = {isa = PBXFileReference; fileEncoding = 4; lastKnownFileType = sourcecode.c.objc; path = ESPDatumCode.m; sourceTree = "<group>"; };
		8A4886912A379CE7006399FF /* README.md */ = {isa = PBXFileReference; fileEncoding = 4; lastKnownFileType = net.daringfireball.markdown; path = README.md; sourceTree = "<group>"; };
		8A4886932A379CE7006399FF /* ESPTouchResult.m */ = {isa = PBXFileReference; fileEncoding = 4; lastKnownFileType = sourcecode.c.objc; path = ESPTouchResult.m; sourceTree = "<group>"; };
		8A4886942A379CE7006399FF /* ESPTouchTaskParameter.h */ = {isa = PBXFileReference; fileEncoding = 4; lastKnownFileType = sourcecode.c.h; path = ESPTouchTaskParameter.h; sourceTree = "<group>"; };
		8A4886952A379CE7006399FF /* ESPTouchTaskParameter.m */ = {isa = PBXFileReference; fileEncoding = 4; lastKnownFileType = sourcecode.c.objc; path = ESPTouchTaskParameter.m; sourceTree = "<group>"; };
		8A4886962A379CE7006399FF /* ESPTouchTask.m */ = {isa = PBXFileReference; fileEncoding = 4; lastKnownFileType = sourcecode.c.objc; path = ESPTouchTask.m; sourceTree = "<group>"; };
		8A4886982A379CE7006399FF /* ESPTouchTask.h */ = {isa = PBXFileReference; fileEncoding = 4; lastKnownFileType = sourcecode.c.h; path = ESPTouchTask.h; sourceTree = "<group>"; };
		8A4886992A379CE7006399FF /* ESPTouchResult.h */ = {isa = PBXFileReference; fileEncoding = 4; lastKnownFileType = sourcecode.c.h; path = ESPTouchResult.h; sourceTree = "<group>"; };
		8A48869A2A379CE7006399FF /* ESPTouchDelegate.h */ = {isa = PBXFileReference; fileEncoding = 4; lastKnownFileType = sourcecode.c.h; path = ESPTouchDelegate.h; sourceTree = "<group>"; };
		8A48869C2A379CE8006399FF /* ESPProvisioningResult.h */ = {isa = PBXFileReference; fileEncoding = 4; lastKnownFileType = sourcecode.c.h; path = ESPProvisioningResult.h; sourceTree = "<group>"; };
		8A48869D2A379CE8006399FF /* ESPProvisioningUDP.m */ = {isa = PBXFileReference; fileEncoding = 4; lastKnownFileType = sourcecode.c.objc; path = ESPProvisioningUDP.m; sourceTree = "<group>"; };
		8A48869E2A379CE8006399FF /* ESPProvisioningParams.h */ = {isa = PBXFileReference; fileEncoding = 4; lastKnownFileType = sourcecode.c.h; path = ESPProvisioningParams.h; sourceTree = "<group>"; };
		8A48869F2A379CE8006399FF /* ESPProvisioningRequest.m */ = {isa = PBXFileReference; fileEncoding = 4; lastKnownFileType = sourcecode.c.objc; path = ESPProvisioningRequest.m; sourceTree = "<group>"; };
		8A4886A02A379CE8006399FF /* ESPPacketUtils.h */ = {isa = PBXFileReference; fileEncoding = 4; lastKnownFileType = sourcecode.c.h; path = ESPPacketUtils.h; sourceTree = "<group>"; };
		8A4886A12A379CE8006399FF /* ESPProvisioner.h */ = {isa = PBXFileReference; fileEncoding = 4; lastKnownFileType = sourcecode.c.h; path = ESPProvisioner.h; sourceTree = "<group>"; };
		8A4886A22A379CE8006399FF /* README.md */ = {isa = PBXFileReference; fileEncoding = 4; lastKnownFileType = net.daringfireball.markdown; path = README.md; sourceTree = "<group>"; };
		8A4886A32A379CE8006399FF /* ESPProvisioningResult.m */ = {isa = PBXFileReference; fileEncoding = 4; lastKnownFileType = sourcecode.c.objc; path = ESPProvisioningResult.m; sourceTree = "<group>"; };
		8A4886A42A379CE8006399FF /* ESPProvisioningUDP.h */ = {isa = PBXFileReference; fileEncoding = 4; lastKnownFileType = sourcecode.c.h; path = ESPProvisioningUDP.h; sourceTree = "<group>"; };
		8A4886A52A379CE8006399FF /* ESPProvisioningListeners.h */ = {isa = PBXFileReference; fileEncoding = 4; lastKnownFileType = sourcecode.c.h; path = ESPProvisioningListeners.h; sourceTree = "<group>"; };
		8A4886A62A379CE8006399FF /* ESPProvisioningRequest.h */ = {isa = PBXFileReference; fileEncoding = 4; lastKnownFileType = sourcecode.c.h; path = ESPProvisioningRequest.h; sourceTree = "<group>"; };
		8A4886A72A379CE8006399FF /* ESPProvisioningParams.m */ = {isa = PBXFileReference; fileEncoding = 4; lastKnownFileType = sourcecode.c.objc; path = ESPProvisioningParams.m; sourceTree = "<group>"; };
		8A4886A82A379CE8006399FF /* ESPProvisioner.m */ = {isa = PBXFileReference; fileEncoding = 4; lastKnownFileType = sourcecode.c.objc; path = ESPProvisioner.m; sourceTree = "<group>"; };
		8A4886A92A379CE8006399FF /* ESPPacketUtils.m */ = {isa = PBXFileReference; fileEncoding = 4; lastKnownFileType = sourcecode.c.objc; path = ESPPacketUtils.m; sourceTree = "<group>"; };
		8A4886AC2A379CE8006399FF /* ESPTools.m */ = {isa = PBXFileReference; fileEncoding = 4; lastKnownFileType = sourcecode.c.objc; path = ESPTools.m; sourceTree = "<group>"; };
		8A4886AD2A379CE8006399FF /* ESP_NetUtil.m */ = {isa = PBXFileReference; fileEncoding = 4; lastKnownFileType = sourcecode.c.objc; path = ESP_NetUtil.m; sourceTree = "<group>"; };
		8A4886AE2A379CE8006399FF /* ESP_ByteUtil.m */ = {isa = PBXFileReference; fileEncoding = 4; lastKnownFileType = sourcecode.c.objc; path = ESP_ByteUtil.m; sourceTree = "<group>"; };
		8A4886AF2A379CE8006399FF /* ESP_WifiUtil.m */ = {isa = PBXFileReference; fileEncoding = 4; lastKnownFileType = sourcecode.c.objc; path = ESP_WifiUtil.m; sourceTree = "<group>"; };
		8A4886B02A379CE8006399FF /* ESP_CRC8.m */ = {isa = PBXFileReference; fileEncoding = 4; lastKnownFileType = sourcecode.c.objc; path = ESP_CRC8.m; sourceTree = "<group>"; };
		8A4886B12A379CE8006399FF /* ESPVersionMacro.h */ = {isa = PBXFileReference; fileEncoding = 4; lastKnownFileType = sourcecode.c.h; path = ESPVersionMacro.h; sourceTree = "<group>"; };
		8A4886B22A379CE8006399FF /* ESPAES.h */ = {isa = PBXFileReference; fileEncoding = 4; lastKnownFileType = sourcecode.c.h; path = ESPAES.h; sourceTree = "<group>"; };
		8A4886B32A379CE8006399FF /* ESP_NetUtil.h */ = {isa = PBXFileReference; fileEncoding = 4; lastKnownFileType = sourcecode.c.h; path = ESP_NetUtil.h; sourceTree = "<group>"; };
		8A4886B42A379CE8006399FF /* ESP_ByteUtil.h */ = {isa = PBXFileReference; fileEncoding = 4; lastKnownFileType = sourcecode.c.h; path = ESP_ByteUtil.h; sourceTree = "<group>"; };
		8A4886B52A379CE8006399FF /* ESPTools.h */ = {isa = PBXFileReference; fileEncoding = 4; lastKnownFileType = sourcecode.c.h; path = ESPTools.h; sourceTree = "<group>"; };
		8A4886B62A379CE8006399FF /* ESP_CRC8.h */ = {isa = PBXFileReference; fileEncoding = 4; lastKnownFileType = sourcecode.c.h; path = ESP_CRC8.h; sourceTree = "<group>"; };
		8A4886B72A379CE8006399FF /* ESP_WifiUtil.h */ = {isa = PBXFileReference; fileEncoding = 4; lastKnownFileType = sourcecode.c.h; path = ESP_WifiUtil.h; sourceTree = "<group>"; };
		8A4886B82A379CE8006399FF /* ESPAES.m */ = {isa = PBXFileReference; fileEncoding = 4; lastKnownFileType = sourcecode.c.objc; path = ESPAES.m; sourceTree = "<group>"; };
		8A4886BA2A379CE8006399FF /* AFSecurityPolicy.h */ = {isa = PBXFileReference; fileEncoding = 4; lastKnownFileType = sourcecode.c.h; path = AFSecurityPolicy.h; sourceTree = "<group>"; };
		8A4886BB2A379CE8006399FF /* AFNetworkReachabilityManager.h */ = {isa = PBXFileReference; fileEncoding = 4; lastKnownFileType = sourcecode.c.h; path = AFNetworkReachabilityManager.h; sourceTree = "<group>"; };
		8A4886BC2A379CE8006399FF /* AFURLSessionManager.h */ = {isa = PBXFileReference; fileEncoding = 4; lastKnownFileType = sourcecode.c.h; path = AFURLSessionManager.h; sourceTree = "<group>"; };
		8A4886BD2A379CE8006399FF /* AFURLRequestSerialization.h */ = {isa = PBXFileReference; fileEncoding = 4; lastKnownFileType = sourcecode.c.h; path = AFURLRequestSerialization.h; sourceTree = "<group>"; };
		8A4886BE2A379CE8006399FF /* AFURLResponseSerialization.m */ = {isa = PBXFileReference; fileEncoding = 4; lastKnownFileType = sourcecode.c.objc; path = AFURLResponseSerialization.m; sourceTree = "<group>"; };
		8A4886BF2A379CE8006399FF /* AFHTTPSessionManager.m */ = {isa = PBXFileReference; fileEncoding = 4; lastKnownFileType = sourcecode.c.objc; path = AFHTTPSessionManager.m; sourceTree = "<group>"; };
		8A4886C02A379CE8006399FF /* AFURLResponseSerialization.h */ = {isa = PBXFileReference; fileEncoding = 4; lastKnownFileType = sourcecode.c.h; path = AFURLResponseSerialization.h; sourceTree = "<group>"; };
		8A4886C12A379CE8006399FF /* AFURLSessionManager.m */ = {isa = PBXFileReference; fileEncoding = 4; lastKnownFileType = sourcecode.c.objc; path = AFURLSessionManager.m; sourceTree = "<group>"; };
		8A4886C22A379CE8006399FF /* AFURLRequestSerialization.m */ = {isa = PBXFileReference; fileEncoding = 4; lastKnownFileType = sourcecode.c.objc; path = AFURLRequestSerialization.m; sourceTree = "<group>"; };
		8A4886C32A379CE8006399FF /* AFNetworking.h */ = {isa = PBXFileReference; fileEncoding = 4; lastKnownFileType = sourcecode.c.h; path = AFNetworking.h; sourceTree = "<group>"; };
		8A4886C42A379CE8006399FF /* AFNetworkReachabilityManager.m */ = {isa = PBXFileReference; fileEncoding = 4; lastKnownFileType = sourcecode.c.objc; path = AFNetworkReachabilityManager.m; sourceTree = "<group>"; };
		8A4886C52A379CE8006399FF /* AFSecurityPolicy.m */ = {isa = PBXFileReference; fileEncoding = 4; lastKnownFileType = sourcecode.c.objc; path = AFSecurityPolicy.m; sourceTree = "<group>"; };
		8A4886C62A379CE8006399FF /* AFCompatibilityMacros.h */ = {isa = PBXFileReference; fileEncoding = 4; lastKnownFileType = sourcecode.c.h; path = AFCompatibilityMacros.h; sourceTree = "<group>"; };
		8A4886C72A379CE8006399FF /* AFHTTPSessionManager.h */ = {isa = PBXFileReference; fileEncoding = 4; lastKnownFileType = sourcecode.c.h; path = AFHTTPSessionManager.h; sourceTree = "<group>"; };
		8A4886CA2A379CE8006399FF /* Documentation.html */ = {isa = PBXFileReference; fileEncoding = 4; lastKnownFileType = text.html; path = Documentation.html; sourceTree = "<group>"; };
		8A4886CB2A379CE8006399FF /* GCDAsyncUdpSocket.m */ = {isa = PBXFileReference; fileEncoding = 4; lastKnownFileType = sourcecode.c.objc; path = GCDAsyncUdpSocket.m; sourceTree = "<group>"; };
		8A4886CC2A379CE8006399FF /* GCDAsyncSocket.m */ = {isa = PBXFileReference; fileEncoding = 4; lastKnownFileType = sourcecode.c.objc; path = GCDAsyncSocket.m; sourceTree = "<group>"; };
		8A4886CD2A379CE8006399FF /* GCDAsyncUdpSocket.h */ = {isa = PBXFileReference; fileEncoding = 4; lastKnownFileType = sourcecode.c.h; path = GCDAsyncUdpSocket.h; sourceTree = "<group>"; };
		8A4886CE2A379CE8006399FF /* GCDAsyncSocket.h */ = {isa = PBXFileReference; fileEncoding = 4; lastKnownFileType = sourcecode.c.h; path = GCDAsyncSocket.h; sourceTree = "<group>"; };
		8A4886CF2A379CE8006399FF /* CocoaAsyncSocket.h */ = {isa = PBXFileReference; fileEncoding = 4; lastKnownFileType = sourcecode.c.h; path = CocoaAsyncSocket.h; sourceTree = "<group>"; };
		8A4886D22A379CE8006399FF /* DDTTYLogger.m */ = {isa = PBXFileReference; fileEncoding = 4; lastKnownFileType = sourcecode.c.objc; path = DDTTYLogger.m; sourceTree = "<group>"; };
		8A4886D32A379CE8006399FF /* DDLog.h */ = {isa = PBXFileReference; fileEncoding = 4; lastKnownFileType = sourcecode.c.h; path = DDLog.h; sourceTree = "<group>"; };
		8A4886D42A379CE8006399FF /* DDAbstractDatabaseLogger.h */ = {isa = PBXFileReference; fileEncoding = 4; lastKnownFileType = sourcecode.c.h; path = DDAbstractDatabaseLogger.h; sourceTree = "<group>"; };
		8A4886D52A379CE8006399FF /* DDASLLogger.m */ = {isa = PBXFileReference; fileEncoding = 4; lastKnownFileType = sourcecode.c.objc; path = DDASLLogger.m; sourceTree = "<group>"; };
		8A4886D62A379CE8006399FF /* DDFileLogger.h */ = {isa = PBXFileReference; fileEncoding = 4; lastKnownFileType = sourcecode.c.h; path = DDFileLogger.h; sourceTree = "<group>"; };
		8A4886D82A379CE9006399FF /* DDContextFilterLogFormatter.m */ = {isa = PBXFileReference; fileEncoding = 4; lastKnownFileType = sourcecode.c.objc; path = DDContextFilterLogFormatter.m; sourceTree = "<group>"; };
		8A4886D92A379CE9006399FF /* DDDispatchQueueLogFormatter.m */ = {isa = PBXFileReference; fileEncoding = 4; lastKnownFileType = sourcecode.c.objc; path = DDDispatchQueueLogFormatter.m; sourceTree = "<group>"; };
		8A4886DA2A379CE9006399FF /* DDMultiFormatter.h */ = {isa = PBXFileReference; fileEncoding = 4; lastKnownFileType = sourcecode.c.h; path = DDMultiFormatter.h; sourceTree = "<group>"; };
		8A4886DB2A379CE9006399FF /* DDContextFilterLogFormatter.h */ = {isa = PBXFileReference; fileEncoding = 4; lastKnownFileType = sourcecode.c.h; path = DDContextFilterLogFormatter.h; sourceTree = "<group>"; };
		8A4886DC2A379CE9006399FF /* DDMultiFormatter.m */ = {isa = PBXFileReference; fileEncoding = 4; lastKnownFileType = sourcecode.c.objc; path = DDMultiFormatter.m; sourceTree = "<group>"; };
		8A4886DD2A379CE9006399FF /* DDDispatchQueueLogFormatter.h */ = {isa = PBXFileReference; fileEncoding = 4; lastKnownFileType = sourcecode.c.h; path = DDDispatchQueueLogFormatter.h; sourceTree = "<group>"; };
		8A4886DE2A379CE9006399FF /* README.txt */ = {isa = PBXFileReference; fileEncoding = 4; lastKnownFileType = text; path = README.txt; sourceTree = "<group>"; };
		8A4886DF2A379CE9006399FF /* DDLog.m */ = {isa = PBXFileReference; fileEncoding = 4; lastKnownFileType = sourcecode.c.objc; path = DDLog.m; sourceTree = "<group>"; };
		8A4886E02A379CE9006399FF /* DDTTYLogger.h */ = {isa = PBXFileReference; fileEncoding = 4; lastKnownFileType = sourcecode.c.h; path = DDTTYLogger.h; sourceTree = "<group>"; };
		8A4886E12A379CE9006399FF /* DDLog+LOGV.h */ = {isa = PBXFileReference; fileEncoding = 4; lastKnownFileType = sourcecode.c.h; path = "DDLog+LOGV.h"; sourceTree = "<group>"; };
		8A4886E22A379CE9006399FF /* DDAbstractDatabaseLogger.m */ = {isa = PBXFileReference; fileEncoding = 4; lastKnownFileType = sourcecode.c.objc; path = DDAbstractDatabaseLogger.m; sourceTree = "<group>"; };
		8A4886E32A379CE9006399FF /* DDFileLogger.m */ = {isa = PBXFileReference; fileEncoding = 4; lastKnownFileType = sourcecode.c.objc; path = DDFileLogger.m; sourceTree = "<group>"; };
		8A4886E42A379CE9006399FF /* DDASLLogger.h */ = {isa = PBXFileReference; fileEncoding = 4; lastKnownFileType = sourcecode.c.h; path = DDASLLogger.h; sourceTree = "<group>"; };
/* End PBXFileReference section */

/* Begin PBXFrameworksBuildPhase section */
		8A48866C2A379C2A006399FF /* Frameworks */ = {
			isa = PBXFrameworksBuildPhase;
			buildActionMask = 2147483647;
			files = (
				8A48867F2A379C4B006399FF /* CoreGraphics.framework in Frameworks */,
				8A4886812A379C53006399FF /* NetworkExtension.framework in Frameworks */,
				8A48867B2A379C3C006399FF /* UIKit.framework in Frameworks */,
				8A48867D2A379C44006399FF /* Foundation.framework in Frameworks */,
			);
			runOnlyForDeploymentPostprocessing = 0;
		};
/* End PBXFrameworksBuildPhase section */

/* Begin PBXGroup section */
		8A4886652A379C2A006399FF = {
			isa = PBXGroup;
			children = (
				8A4886712A379C2A006399FF /* EspExtLib */,
				8A4886702A379C2A006399FF /* Products */,
				8A4886792A379C3B006399FF /* Frameworks */,
			);
			sourceTree = "<group>";
		};
		8A4886702A379C2A006399FF /* Products */ = {
			isa = PBXGroup;
			children = (
				8A48866F2A379C2A006399FF /* EspExtLib.framework */,
			);
			name = Products;
			sourceTree = "<group>";
		};
		8A4886712A379C2A006399FF /* EspExtLib */ = {
			isa = PBXGroup;
			children = (
				8A4886722A379C2A006399FF /* EspExtLib.h */,
				8A4886AA2A379CE8006399FF /* Common */,
				8A4886822A379CE7006399FF /* ESPTouch */,
				8A48869B2A379CE8006399FF /* ESPTouchV2 */,
			);
			path = EspExtLib;
			sourceTree = "<group>";
		};
		8A4886792A379C3B006399FF /* Frameworks */ = {
			isa = PBXGroup;
			children = (
				8A4886802A379C53006399FF /* NetworkExtension.framework */,
				8A48867E2A379C4B006399FF /* CoreGraphics.framework */,
				8A48867C2A379C44006399FF /* Foundation.framework */,
				8A48867A2A379C3C006399FF /* UIKit.framework */,
			);
			name = Frameworks;
			sourceTree = "<group>";
		};
		8A4886822A379CE7006399FF /* ESPTouch */ = {
			isa = PBXGroup;
			children = (
				8A4886832A379CE7006399FF /* udp */,
				8A4886882A379CE7006399FF /* protocol */,
				8A4886912A379CE7006399FF /* README.md */,
				8A4886922A379CE7006399FF /* task */,
				8A4886972A379CE7006399FF /* esptouch */,
			);
			path = ESPTouch;
			sourceTree = "<group>";
		};
		8A4886832A379CE7006399FF /* udp */ = {
			isa = PBXGroup;
			children = (
				8A4886842A379CE7006399FF /* ESPUDPSocketClient.h */,
				8A4886852A379CE7006399FF /* ESPUDPSocketServer.m */,
				8A4886862A379CE7006399FF /* ESPUDPSocketClient.m */,
				8A4886872A379CE7006399FF /* ESPUDPSocketServer.h */,
			);
			path = udp;
			sourceTree = "<group>";
		};
		8A4886882A379CE7006399FF /* protocol */ = {
			isa = PBXGroup;
			children = (
				8A4886892A379CE7006399FF /* ESPGuideCode.m */,
				8A48868A2A379CE7006399FF /* ESPTouchGenerator.m */,
				8A48868B2A379CE7006399FF /* ESPDataCode.h */,
				8A48868C2A379CE7006399FF /* ESPDatumCode.h */,
				8A48868D2A379CE7006399FF /* ESPGuideCode.h */,
				8A48868E2A379CE7006399FF /* ESPDataCode.m */,
				8A48868F2A379CE7006399FF /* ESPTouchGenerator.h */,
				8A4886902A379CE7006399FF /* ESPDatumCode.m */,
			);
			path = protocol;
			sourceTree = "<group>";
		};
		8A4886922A379CE7006399FF /* task */ = {
			isa = PBXGroup;
			children = (
				8A4886932A379CE7006399FF /* ESPTouchResult.m */,
				8A4886942A379CE7006399FF /* ESPTouchTaskParameter.h */,
				8A4886952A379CE7006399FF /* ESPTouchTaskParameter.m */,
				8A4886962A379CE7006399FF /* ESPTouchTask.m */,
			);
			path = task;
			sourceTree = "<group>";
		};
		8A4886972A379CE7006399FF /* esptouch */ = {
			isa = PBXGroup;
			children = (
				8A4886982A379CE7006399FF /* ESPTouchTask.h */,
				8A4886992A379CE7006399FF /* ESPTouchResult.h */,
				8A48869A2A379CE7006399FF /* ESPTouchDelegate.h */,
			);
			path = esptouch;
			sourceTree = "<group>";
		};
		8A48869B2A379CE8006399FF /* ESPTouchV2 */ = {
			isa = PBXGroup;
			children = (
				8A48869C2A379CE8006399FF /* ESPProvisioningResult.h */,
				8A48869D2A379CE8006399FF /* ESPProvisioningUDP.m */,
				8A48869E2A379CE8006399FF /* ESPProvisioningParams.h */,
				8A48869F2A379CE8006399FF /* ESPProvisioningRequest.m */,
				8A4886A02A379CE8006399FF /* ESPPacketUtils.h */,
				8A4886A12A379CE8006399FF /* ESPProvisioner.h */,
				8A4886A22A379CE8006399FF /* README.md */,
				8A4886A32A379CE8006399FF /* ESPProvisioningResult.m */,
				8A4886A42A379CE8006399FF /* ESPProvisioningUDP.h */,
				8A4886A52A379CE8006399FF /* ESPProvisioningListeners.h */,
				8A4886A62A379CE8006399FF /* ESPProvisioningRequest.h */,
				8A4886A72A379CE8006399FF /* ESPProvisioningParams.m */,
				8A4886A82A379CE8006399FF /* ESPProvisioner.m */,
				8A4886A92A379CE8006399FF /* ESPPacketUtils.m */,
			);
			path = ESPTouchV2;
			sourceTree = "<group>";
		};
		8A4886AA2A379CE8006399FF /* Common */ = {
			isa = PBXGroup;
			children = (
				8A4886AB2A379CE8006399FF /* ESPUtils */,
				8A4886B92A379CE8006399FF /* AFNetworking */,
				8A4886C82A379CE8006399FF /* CocoaAsyncSocket */,
			);
			path = Common;
			sourceTree = "<group>";
		};
		8A4886AB2A379CE8006399FF /* ESPUtils */ = {
			isa = PBXGroup;
			children = (
				8A4886AC2A379CE8006399FF /* ESPTools.m */,
				8A4886AD2A379CE8006399FF /* ESP_NetUtil.m */,
				8A4886AE2A379CE8006399FF /* ESP_ByteUtil.m */,
				8A4886AF2A379CE8006399FF /* ESP_WifiUtil.m */,
				8A4886B02A379CE8006399FF /* ESP_CRC8.m */,
				8A4886B12A379CE8006399FF /* ESPVersionMacro.h */,
				8A4886B22A379CE8006399FF /* ESPAES.h */,
				8A4886B32A379CE8006399FF /* ESP_NetUtil.h */,
				8A4886B42A379CE8006399FF /* ESP_ByteUtil.h */,
				8A4886B52A379CE8006399FF /* ESPTools.h */,
				8A4886B62A379CE8006399FF /* ESP_CRC8.h */,
				8A4886B72A379CE8006399FF /* ESP_WifiUtil.h */,
				8A4886B82A379CE8006399FF /* ESPAES.m */,
			);
			path = ESPUtils;
			sourceTree = "<group>";
		};
		8A4886B92A379CE8006399FF /* AFNetworking */ = {
			isa = PBXGroup;
			children = (
				8A4886BA2A379CE8006399FF /* AFSecurityPolicy.h */,
				8A4886BB2A379CE8006399FF /* AFNetworkReachabilityManager.h */,
				8A4886BC2A379CE8006399FF /* AFURLSessionManager.h */,
				8A4886BD2A379CE8006399FF /* AFURLRequestSerialization.h */,
				8A4886BE2A379CE8006399FF /* AFURLResponseSerialization.m */,
				8A4886BF2A379CE8006399FF /* AFHTTPSessionManager.m */,
				8A4886C02A379CE8006399FF /* AFURLResponseSerialization.h */,
				8A4886C12A379CE8006399FF /* AFURLSessionManager.m */,
				8A4886C22A379CE8006399FF /* AFURLRequestSerialization.m */,
				8A4886C32A379CE8006399FF /* AFNetworking.h */,
				8A4886C42A379CE8006399FF /* AFNetworkReachabilityManager.m */,
				8A4886C52A379CE8006399FF /* AFSecurityPolicy.m */,
				8A4886C62A379CE8006399FF /* AFCompatibilityMacros.h */,
				8A4886C72A379CE8006399FF /* AFHTTPSessionManager.h */,
			);
			path = AFNetworking;
			sourceTree = "<group>";
		};
		8A4886C82A379CE8006399FF /* CocoaAsyncSocket */ = {
			isa = PBXGroup;
			children = (
				8A4886C92A379CE8006399FF /* GCD */,
				8A4886CF2A379CE8006399FF /* CocoaAsyncSocket.h */,
				8A4886D02A379CE8006399FF /* Vendor */,
			);
			path = CocoaAsyncSocket;
			sourceTree = "<group>";
		};
		8A4886C92A379CE8006399FF /* GCD */ = {
			isa = PBXGroup;
			children = (
				8A4886CA2A379CE8006399FF /* Documentation.html */,
				8A4886CB2A379CE8006399FF /* GCDAsyncUdpSocket.m */,
				8A4886CC2A379CE8006399FF /* GCDAsyncSocket.m */,
				8A4886CD2A379CE8006399FF /* GCDAsyncUdpSocket.h */,
				8A4886CE2A379CE8006399FF /* GCDAsyncSocket.h */,
			);
			path = GCD;
			sourceTree = "<group>";
		};
		8A4886D02A379CE8006399FF /* Vendor */ = {
			isa = PBXGroup;
			children = (
				8A4886D12A379CE8006399FF /* CocoaLumberjack */,
			);
			path = Vendor;
			sourceTree = "<group>";
		};
		8A4886D12A379CE8006399FF /* CocoaLumberjack */ = {
			isa = PBXGroup;
			children = (
				8A4886D22A379CE8006399FF /* DDTTYLogger.m */,
				8A4886D32A379CE8006399FF /* DDLog.h */,
				8A4886D42A379CE8006399FF /* DDAbstractDatabaseLogger.h */,
				8A4886D52A379CE8006399FF /* DDASLLogger.m */,
				8A4886D62A379CE8006399FF /* DDFileLogger.h */,
				8A4886D72A379CE8006399FF /* Extensions */,
				8A4886DF2A379CE9006399FF /* DDLog.m */,
				8A4886E02A379CE9006399FF /* DDTTYLogger.h */,
				8A4886E12A379CE9006399FF /* DDLog+LOGV.h */,
				8A4886E22A379CE9006399FF /* DDAbstractDatabaseLogger.m */,
				8A4886E32A379CE9006399FF /* DDFileLogger.m */,
				8A4886E42A379CE9006399FF /* DDASLLogger.h */,
			);
			path = CocoaLumberjack;
			sourceTree = "<group>";
		};
		8A4886D72A379CE8006399FF /* Extensions */ = {
			isa = PBXGroup;
			children = (
				8A4886D82A379CE9006399FF /* DDContextFilterLogFormatter.m */,
				8A4886D92A379CE9006399FF /* DDDispatchQueueLogFormatter.m */,
				8A4886DA2A379CE9006399FF /* DDMultiFormatter.h */,
				8A4886DB2A379CE9006399FF /* DDContextFilterLogFormatter.h */,
				8A4886DC2A379CE9006399FF /* DDMultiFormatter.m */,
				8A4886DD2A379CE9006399FF /* DDDispatchQueueLogFormatter.h */,
				8A4886DE2A379CE9006399FF /* README.txt */,
			);
			path = Extensions;
			sourceTree = "<group>";
		};
/* End PBXGroup section */

/* Begin PBXHeadersBuildPhase section */
		8A48866A2A379C2A006399FF /* Headers */ = {
			isa = PBXHeadersBuildPhase;
			buildActionMask = 2147483647;
			files = (
				8A7252E62A3CA34B009CC379 /* EspExtLib.h in Headers */,
				8A7252E72A3CA34B009CC379 /* ESPVersionMacro.h in Headers */,
				8A7252E82A3CA34B009CC379 /* ESPAES.h in Headers */,
				8A7252E92A3CA34B009CC379 /* ESP_NetUtil.h in Headers */,
				8A7252EA2A3CA34B009CC379 /* ESP_ByteUtil.h in Headers */,
				8A3517362A40F00800A4F509 /* GCDAsyncUdpSocket.h in Headers */,
				8A7252EB2A3CA34B009CC379 /* ESPTools.h in Headers */,
				8A7252EC2A3CA34B009CC379 /* ESP_CRC8.h in Headers */,
				8A7252ED2A3CA34B009CC379 /* ESP_WifiUtil.h in Headers */,
				8A7252F92A3CA34B009CC379 /* DDLog.h in Headers */,
				8A7252FA2A3CA34B009CC379 /* DDAbstractDatabaseLogger.h in Headers */,
				8A3517382A40F01600A4F509 /* AFCompatibilityMacros.h in Headers */,
				8A7252FB2A3CA34B009CC379 /* DDFileLogger.h in Headers */,
				8A3517352A40F00200A4F509 /* GCDAsyncSocket.h in Headers */,
				8A7252FC2A3CA34B009CC379 /* DDMultiFormatter.h in Headers */,
				8A7252FD2A3CA34B009CC379 /* DDContextFilterLogFormatter.h in Headers */,
				8A7252FE2A3CA34B009CC379 /* DDDispatchQueueLogFormatter.h in Headers */,
				8A7252FF2A3CA34B009CC379 /* DDTTYLogger.h in Headers */,
				8A7253002A3CA34B009CC379 /* DDLog+LOGV.h in Headers */,
				8A3517392A40F01D00A4F509 /* AFNetworking.h in Headers */,
				8A7253012A3CA34B009CC379 /* DDASLLogger.h in Headers */,
				8A35173D2A40F03500A4F509 /* AFNetworkReachabilityManager.h in Headers */,
				8A7253022A3CA34B009CC379 /* ESPUDPSocketClient.h in Headers */,
				8A7253032A3CA34B009CC379 /* ESPUDPSocketServer.h in Headers */,
				8A3517342A40EFF600A4F509 /* CocoaAsyncSocket.h in Headers */,
				8A35173C2A40F03000A4F509 /* AFURLSessionManager.h in Headers */,
				8A35173A2A40F02400A4F509 /* AFURLResponseSerialization.h in Headers */,
				8A7253042A3CA34B009CC379 /* ESPDataCode.h in Headers */,
				8A7253052A3CA34B009CC379 /* ESPDatumCode.h in Headers */,
				8A7253062A3CA34B009CC379 /* ESPGuideCode.h in Headers */,
				8A7253072A3CA34B009CC379 /* ESPTouchGenerator.h in Headers */,
				8A7253082A3CA34B009CC379 /* ESPTouchTaskParameter.h in Headers */,
				8A35173B2A40F02B00A4F509 /* AFURLRequestSerialization.h in Headers */,
				8A7253092A3CA34B009CC379 /* ESPTouchTask.h in Headers */,
				8A72530A2A3CA34B009CC379 /* ESPTouchResult.h in Headers */,
				8A72530B2A3CA34B009CC379 /* ESPTouchDelegate.h in Headers */,
				8A35173E2A40F03A00A4F509 /* AFSecurityPolicy.h in Headers */,
				8A3517372A40F01100A4F509 /* AFHTTPSessionManager.h in Headers */,
				8A72530C2A3CA34B009CC379 /* ESPProvisioningResult.h in Headers */,
				8A72530D2A3CA34B009CC379 /* ESPProvisioningParams.h in Headers */,
				8A72530E2A3CA34B009CC379 /* ESPPacketUtils.h in Headers */,
				8A72530F2A3CA34B009CC379 /* ESPProvisioner.h in Headers */,
				8A7253102A3CA34B009CC379 /* ESPProvisioningUDP.h in Headers */,
				8A7253112A3CA34B009CC379 /* ESPProvisioningListeners.h in Headers */,
				8A7253122A3CA34B009CC379 /* ESPProvisioningRequest.h in Headers */,
			);
			runOnlyForDeploymentPostprocessing = 0;
		};
/* End PBXHeadersBuildPhase section */

/* Begin PBXNativeTarget section */
		8A48866E2A379C2A006399FF /* EspExtLib */ = {
			isa = PBXNativeTarget;
			buildConfigurationList = 8A4886762A379C2A006399FF /* Build configuration list for PBXNativeTarget "EspExtLib" */;
			buildPhases = (
				8A48866A2A379C2A006399FF /* Headers */,
				8A48866B2A379C2A006399FF /* Sources */,
				8A48866C2A379C2A006399FF /* Frameworks */,
				8A48866D2A379C2A006399FF /* Resources */,
			);
			buildRules = (
			);
			dependencies = (
			);
			name = EspExtLib;
			productName = EspExtLib;
			productReference = 8A48866F2A379C2A006399FF /* EspExtLib.framework */;
			productType = "com.apple.product-type.framework";
		};
/* End PBXNativeTarget section */

/* Begin PBXProject section */
		8A4886662A379C2A006399FF /* Project object */ = {
			isa = PBXProject;
			attributes = {
				BuildIndependentTargetsInParallel = 1;
				LastUpgradeCheck = 1430;
				TargetAttributes = {
					8A48866E2A379C2A006399FF = {
						CreatedOnToolsVersion = 14.3.1;
					};
				};
			};
			buildConfigurationList = 8A4886692A379C2A006399FF /* Build configuration list for PBXProject "EspExtLib" */;
			compatibilityVersion = "Xcode 14.0";
			developmentRegion = en;
			hasScannedForEncodings = 0;
			knownRegions = (
				en,
				Base,
			);
			mainGroup = 8A4886652A379C2A006399FF;
			productRefGroup = 8A4886702A379C2A006399FF /* Products */;
			projectDirPath = "";
			projectRoot = "";
			targets = (
				8A48866E2A379C2A006399FF /* EspExtLib */,
			);
		};
/* End PBXProject section */

/* Begin PBXResourcesBuildPhase section */
		8A48866D2A379C2A006399FF /* Resources */ = {
			isa = PBXResourcesBuildPhase;
			buildActionMask = 2147483647;
			files = (
				8A4887222A379CE9006399FF /* Documentation.html in Resources */,
			);
			runOnlyForDeploymentPostprocessing = 0;
		};
/* End PBXResourcesBuildPhase section */

/* Begin PBXSourcesBuildPhase section */
		8A48866B2A379C2A006399FF /* Sources */ = {
			isa = PBXSourcesBuildPhase;
			buildActionMask = 2147483647;
			files = (
				8A4887352A379CE9006399FF /* DDTTYLogger.h in Sources */,
				8A3517472A40F36600A4F509 /* GCDAsyncUdpSocket.h in Sources */,
				8A3517482A40F36600A4F509 /* GCDAsyncSocket.h in Sources */,
				8A3517492A40F36600A4F509 /* CocoaAsyncSocket.h in Sources */,
				8A48870E2A379CE9006399FF /* ESP_NetUtil.h in Sources */,
				8A4886EB2A379CE9006399FF /* ESPDataCode.h in Sources */,
				8A4886ED2A379CE9006399FF /* ESPGuideCode.h in Sources */,
				8A4887362A379CE9006399FF /* DDLog+LOGV.h in Sources */,
				8A4887102A379CE9006399FF /* ESPTools.h in Sources */,
				8A4887012A379CE9006399FF /* ESPProvisioningUDP.h in Sources */,
				8A4886F62A379CE9006399FF /* ESPTouchTask.h in Sources */,
				8A35173F2A40F33000A4F509 /* AFSecurityPolicy.h in Sources */,
				8A3517402A40F33000A4F509 /* AFNetworkReachabilityManager.h in Sources */,
				8A3517412A40F33000A4F509 /* AFURLSessionManager.h in Sources */,
				8A3517422A40F33000A4F509 /* AFURLRequestSerialization.h in Sources */,
				8A3517432A40F33000A4F509 /* AFURLResponseSerialization.h in Sources */,
				8A3517442A40F33000A4F509 /* AFNetworking.h in Sources */,
				8A3517452A40F33000A4F509 /* AFCompatibilityMacros.h in Sources */,
				8A3517462A40F33000A4F509 /* AFHTTPSessionManager.h in Sources */,
				8A4887292A379CE9006399FF /* DDLog.h in Sources */,
				8A4886FE2A379CE9006399FF /* ESPProvisioner.h in Sources */,
				8A4887022A379CE9006399FF /* ESPProvisioningListeners.h in Sources */,
				8A4887302A379CE9006399FF /* DDContextFilterLogFormatter.h in Sources */,
				8A48872F2A379CE9006399FF /* DDMultiFormatter.h in Sources */,
				8A48872C2A379CE9006399FF /* DDFileLogger.h in Sources */,
				8A48872A2A379CE9006399FF /* DDAbstractDatabaseLogger.h in Sources */,
				8A4887032A379CE9006399FF /* ESPProvisioningRequest.h in Sources */,
				8A4886732A379C2A006399FF /* EspExtLib.h in Sources */,
				8A48870F2A379CE9006399FF /* ESP_ByteUtil.h in Sources */,
				8A4886F72A379CE9006399FF /* ESPTouchResult.h in Sources */,
				8A4886E82A379CE9006399FF /* ESPUDPSocketServer.h in Sources */,
				8A4887322A379CE9006399FF /* DDDispatchQueueLogFormatter.h in Sources */,
				8A4886F32A379CE9006399FF /* ESPTouchTaskParameter.h in Sources */,
				8A48870C2A379CE9006399FF /* ESPVersionMacro.h in Sources */,
				8A4887112A379CE9006399FF /* ESP_CRC8.h in Sources */,
				8A4886F82A379CE9006399FF /* ESPTouchDelegate.h in Sources */,
				8A4886EC2A379CE9006399FF /* ESPDatumCode.h in Sources */,
				8A4886EF2A379CE9006399FF /* ESPTouchGenerator.h in Sources */,
				8A4886FB2A379CE9006399FF /* ESPProvisioningParams.h in Sources */,
				8A4886FD2A379CE9006399FF /* ESPPacketUtils.h in Sources */,
				8A4886E52A379CE9006399FF /* ESPUDPSocketClient.h in Sources */,
				8A4886F92A379CE9006399FF /* ESPProvisioningResult.h in Sources */,
				8A4887122A379CE9006399FF /* ESP_WifiUtil.h in Sources */,
				8A48870D2A379CE9006399FF /* ESPAES.h in Sources */,
				8A4887392A379CE9006399FF /* DDASLLogger.h in Sources */,
				8A4887342A379CE9006399FF /* DDLog.m in Sources */,
				8A4886F52A379CE9006399FF /* ESPTouchTask.m in Sources */,
				8A48872D2A379CE9006399FF /* DDContextFilterLogFormatter.m in Sources */,
				8A48872E2A379CE9006399FF /* DDDispatchQueueLogFormatter.m in Sources */,
				8A4887052A379CE9006399FF /* ESPProvisioner.m in Sources */,
				8A4886FA2A379CE9006399FF /* ESPProvisioningUDP.m in Sources */,
				8A4886EE2A379CE9006399FF /* ESPDataCode.m in Sources */,
				8A4887232A379CE9006399FF /* GCDAsyncUdpSocket.m in Sources */,
				8A4887182A379CE9006399FF /* AFURLResponseSerialization.m in Sources */,
				8A4887062A379CE9006399FF /* ESPPacketUtils.m in Sources */,
				8A4886F42A379CE9006399FF /* ESPTouchTaskParameter.m in Sources */,
				8A4886EA2A379CE9006399FF /* ESPTouchGenerator.m in Sources */,
				8A48872B2A379CE9006399FF /* DDASLLogger.m in Sources */,
				8A4886E72A379CE9006399FF /* ESPUDPSocketClient.m in Sources */,
				8A4887372A379CE9006399FF /* DDAbstractDatabaseLogger.m in Sources */,
				8A48871B2A379CE9006399FF /* AFURLSessionManager.m in Sources */,
				8A48871F2A379CE9006399FF /* AFSecurityPolicy.m in Sources */,
				8A4886F22A379CE9006399FF /* ESPTouchResult.m in Sources */,
				8A48870A2A379CE9006399FF /* ESP_WifiUtil.m in Sources */,
				8A4887082A379CE9006399FF /* ESP_NetUtil.m in Sources */,
				8A4886FC2A379CE9006399FF /* ESPProvisioningRequest.m in Sources */,
				8A48871E2A379CE9006399FF /* AFNetworkReachabilityManager.m in Sources */,
				8A4887242A379CE9006399FF /* GCDAsyncSocket.m in Sources */,
				8A4887192A379CE9006399FF /* AFHTTPSessionManager.m in Sources */,
				8A48870B2A379CE9006399FF /* ESP_CRC8.m in Sources */,
				8A4887382A379CE9006399FF /* DDFileLogger.m in Sources */,
				8A4887002A379CE9006399FF /* ESPProvisioningResult.m in Sources */,
				8A4887282A379CE9006399FF /* DDTTYLogger.m in Sources */,
				8A48871C2A379CE9006399FF /* AFURLRequestSerialization.m in Sources */,
				8A4887092A379CE9006399FF /* ESP_ByteUtil.m in Sources */,
				8A4886F02A379CE9006399FF /* ESPDatumCode.m in Sources */,
				8A4886E62A379CE9006399FF /* ESPUDPSocketServer.m in Sources */,
				8A4887042A379CE9006399FF /* ESPProvisioningParams.m in Sources */,
				8A4887312A379CE9006399FF /* DDMultiFormatter.m in Sources */,
				8A4887132A379CE9006399FF /* ESPAES.m in Sources */,
				8A4887072A379CE9006399FF /* ESPTools.m in Sources */,
				8A4886E92A379CE9006399FF /* ESPGuideCode.m in Sources */,
			);
			runOnlyForDeploymentPostprocessing = 0;
		};
/* End PBXSourcesBuildPhase section */

/* Begin XCBuildConfiguration section */
		8A4886742A379C2A006399FF /* Debug */ = {
			isa = XCBuildConfiguration;
			buildSettings = {
				ALWAYS_SEARCH_USER_PATHS = NO;
				CLANG_ANALYZER_NONNULL = YES;
				CLANG_ANALYZER_NUMBER_OBJECT_CONVERSION = YES_AGGRESSIVE;
				CLANG_CXX_LANGUAGE_STANDARD = "gnu++20";
				CLANG_ENABLE_MODULES = YES;
				CLANG_ENABLE_OBJC_ARC = YES;
				CLANG_ENABLE_OBJC_WEAK = YES;
				CLANG_WARN_BLOCK_CAPTURE_AUTORELEASING = YES;
				CLANG_WARN_BOOL_CONVERSION = YES;
				CLANG_WARN_COMMA = YES;
				CLANG_WARN_CONSTANT_CONVERSION = YES;
				CLANG_WARN_DEPRECATED_OBJC_IMPLEMENTATIONS = YES;
				CLANG_WARN_DIRECT_OBJC_ISA_USAGE = YES_ERROR;
				CLANG_WARN_DOCUMENTATION_COMMENTS = YES;
				CLANG_WARN_EMPTY_BODY = YES;
				CLANG_WARN_ENUM_CONVERSION = YES;
				CLANG_WARN_INFINITE_RECURSION = YES;
				CLANG_WARN_INT_CONVERSION = YES;
				CLANG_WARN_NON_LITERAL_NULL_CONVERSION = YES;
				CLANG_WARN_OBJC_IMPLICIT_RETAIN_SELF = YES;
				CLANG_WARN_OBJC_LITERAL_CONVERSION = YES;
				CLANG_WARN_OBJC_ROOT_CLASS = YES_ERROR;
				CLANG_WARN_QUOTED_INCLUDE_IN_FRAMEWORK_HEADER = NO;
				CLANG_WARN_RANGE_LOOP_ANALYSIS = YES;
				CLANG_WARN_STRICT_PROTOTYPES = YES;
				CLANG_WARN_SUSPICIOUS_MOVE = YES;
				CLANG_WARN_UNGUARDED_AVAILABILITY = YES_AGGRESSIVE;
				CLANG_WARN_UNREACHABLE_CODE = YES;
				CLANG_WARN__DUPLICATE_METHOD_MATCH = YES;
				COPY_PHASE_STRIP = NO;
				CURRENT_PROJECT_VERSION = 1;
				DEBUG_INFORMATION_FORMAT = dwarf;
				ENABLE_STRICT_OBJC_MSGSEND = YES;
				ENABLE_TESTABILITY = YES;
				GCC_C_LANGUAGE_STANDARD = gnu11;
				GCC_DYNAMIC_NO_PIC = NO;
				GCC_NO_COMMON_BLOCKS = YES;
				GCC_OPTIMIZATION_LEVEL = 0;
				GCC_PREPROCESSOR_DEFINITIONS = (
					"DEBUG=1",
					"$(inherited)",
				);
				GCC_WARN_64_TO_32_BIT_CONVERSION = YES;
				GCC_WARN_ABOUT_RETURN_TYPE = YES_ERROR;
				GCC_WARN_UNDECLARED_SELECTOR = YES;
				GCC_WARN_UNINITIALIZED_AUTOS = YES_AGGRESSIVE;
				GCC_WARN_UNUSED_FUNCTION = YES;
				GCC_WARN_UNUSED_VARIABLE = YES;
				IPHONEOS_DEPLOYMENT_TARGET = 11.0;
				MTL_ENABLE_DEBUG_INFO = INCLUDE_SOURCE;
				MTL_FAST_MATH = YES;
				ONLY_ACTIVE_ARCH = YES;
				SDKROOT = iphoneos;
				VERSIONING_SYSTEM = "apple-generic";
				VERSION_INFO_PREFIX = "";
			};
			name = Debug;
		};
		8A4886752A379C2A006399FF /* Release */ = {
			isa = XCBuildConfiguration;
			buildSettings = {
				ALWAYS_SEARCH_USER_PATHS = NO;
				CLANG_ANALYZER_NONNULL = YES;
				CLANG_ANALYZER_NUMBER_OBJECT_CONVERSION = YES_AGGRESSIVE;
				CLANG_CXX_LANGUAGE_STANDARD = "gnu++20";
				CLANG_ENABLE_MODULES = YES;
				CLANG_ENABLE_OBJC_ARC = YES;
				CLANG_ENABLE_OBJC_WEAK = YES;
				CLANG_WARN_BLOCK_CAPTURE_AUTORELEASING = YES;
				CLANG_WARN_BOOL_CONVERSION = YES;
				CLANG_WARN_COMMA = YES;
				CLANG_WARN_CONSTANT_CONVERSION = YES;
				CLANG_WARN_DEPRECATED_OBJC_IMPLEMENTATIONS = YES;
				CLANG_WARN_DIRECT_OBJC_ISA_USAGE = YES_ERROR;
				CLANG_WARN_DOCUMENTATION_COMMENTS = YES;
				CLANG_WARN_EMPTY_BODY = YES;
				CLANG_WARN_ENUM_CONVERSION = YES;
				CLANG_WARN_INFINITE_RECURSION = YES;
				CLANG_WARN_INT_CONVERSION = YES;
				CLANG_WARN_NON_LITERAL_NULL_CONVERSION = YES;
				CLANG_WARN_OBJC_IMPLICIT_RETAIN_SELF = YES;
				CLANG_WARN_OBJC_LITERAL_CONVERSION = YES;
				CLANG_WARN_OBJC_ROOT_CLASS = YES_ERROR;
				CLANG_WARN_QUOTED_INCLUDE_IN_FRAMEWORK_HEADER = NO;
				CLANG_WARN_RANGE_LOOP_ANALYSIS = YES;
				CLANG_WARN_STRICT_PROTOTYPES = YES;
				CLANG_WARN_SUSPICIOUS_MOVE = YES;
				CLANG_WARN_UNGUARDED_AVAILABILITY = YES_AGGRESSIVE;
				CLANG_WARN_UNREACHABLE_CODE = YES;
				CLANG_WARN__DUPLICATE_METHOD_MATCH = YES;
				COPY_PHASE_STRIP = NO;
				CURRENT_PROJECT_VERSION = 1;
				DEBUG_INFORMATION_FORMAT = "dwarf-with-dsym";
				ENABLE_NS_ASSERTIONS = NO;
				ENABLE_STRICT_OBJC_MSGSEND = YES;
				GCC_C_LANGUAGE_STANDARD = gnu11;
				GCC_NO_COMMON_BLOCKS = YES;
				GCC_WARN_64_TO_32_BIT_CONVERSION = YES;
				GCC_WARN_ABOUT_RETURN_TYPE = YES_ERROR;
				GCC_WARN_UNDECLARED_SELECTOR = YES;
				GCC_WARN_UNINITIALIZED_AUTOS = YES_AGGRESSIVE;
				GCC_WARN_UNUSED_FUNCTION = YES;
				GCC_WARN_UNUSED_VARIABLE = YES;
				IPHONEOS_DEPLOYMENT_TARGET = 11.0;
				MTL_ENABLE_DEBUG_INFO = NO;
				MTL_FAST_MATH = YES;
				SDKROOT = iphoneos;
				VALIDATE_PRODUCT = YES;
				VERSIONING_SYSTEM = "apple-generic";
				VERSION_INFO_PREFIX = "";
			};
			name = Release;
		};
		8A4886772A379C2A006399FF /* Debug */ = {
			isa = XCBuildConfiguration;
			buildSettings = {
				CODE_SIGN_STYLE = Automatic;
				CURRENT_PROJECT_VERSION = 1;
				DEFINES_MODULE = YES;
				DEVELOPMENT_TEAM = H6P9KQ34KK;
				DYLIB_COMPATIBILITY_VERSION = 1;
				DYLIB_CURRENT_VERSION = 1;
				DYLIB_INSTALL_NAME_BASE = "@rpath";
				ENABLE_MODULE_VERIFIER = YES;
				GENERATE_INFOPLIST_FILE = YES;
				HEADER_SEARCH_PATHS = (
					"EspExtLib/**",
					"EspExtLib/EspExtLib/Common/CocoaAsyncSocket/GCD/**",
				);
				INFOPLIST_KEY_NSHumanReadableCopyright = "";
				INSTALL_PATH = "$(LOCAL_LIBRARY_DIR)/Frameworks";
				IPHONEOS_DEPLOYMENT_TARGET = 11.0;
				LD_RUNPATH_SEARCH_PATHS = (
					"$(inherited)",
					"@executable_path/Frameworks",
					"@loader_path/Frameworks",
				);
				MARKETING_VERSION = 1.0;
				MODULE_VERIFIER_SUPPORTED_LANGUAGES = "objective-c objective-c++";
				MODULE_VERIFIER_SUPPORTED_LANGUAGE_STANDARDS = "gnu11 gnu++20";
				PRODUCT_BUNDLE_IDENTIFIER = com.aliievkarim.EspExtLib;
				PRODUCT_NAME = "$(TARGET_NAME:c99extidentifier)";
				SKIP_INSTALL = YES;
				SUPPORTED_PLATFORMS = "iphoneos iphonesimulator";
				SUPPORTS_MACCATALYST = NO;
				SUPPORTS_MAC_DESIGNED_FOR_IPHONE_IPAD = NO;
				SWIFT_EMIT_LOC_STRINGS = YES;
				TARGETED_DEVICE_FAMILY = "1,2";
			};
			name = Debug;
		};
		8A4886782A379C2A006399FF /* Release */ = {
			isa = XCBuildConfiguration;
			buildSettings = {
				CODE_SIGN_STYLE = Automatic;
				CURRENT_PROJECT_VERSION = 1;
				DEFINES_MODULE = YES;
				DEVELOPMENT_TEAM = H6P9KQ34KK;
				DYLIB_COMPATIBILITY_VERSION = 1;
				DYLIB_CURRENT_VERSION = 1;
				DYLIB_INSTALL_NAME_BASE = "@rpath";
				ENABLE_MODULE_VERIFIER = YES;
				GENERATE_INFOPLIST_FILE = YES;
				HEADER_SEARCH_PATHS = (
					"EspExtLib/**",
					"EspExtLib/EspExtLib/Common/CocoaAsyncSocket/GCD/**",
				);
				INFOPLIST_KEY_NSHumanReadableCopyright = "";
				INSTALL_PATH = "$(LOCAL_LIBRARY_DIR)/Frameworks";
				IPHONEOS_DEPLOYMENT_TARGET = 11.0;
				LD_RUNPATH_SEARCH_PATHS = (
					"$(inherited)",
					"@executable_path/Frameworks",
					"@loader_path/Frameworks",
				);
				MARKETING_VERSION = 1.0;
				MODULE_VERIFIER_SUPPORTED_LANGUAGES = "objective-c objective-c++";
				MODULE_VERIFIER_SUPPORTED_LANGUAGE_STANDARDS = "gnu11 gnu++20";
				PRODUCT_BUNDLE_IDENTIFIER = com.aliievkarim.EspExtLib;
				PRODUCT_NAME = "$(TARGET_NAME:c99extidentifier)";
				SKIP_INSTALL = YES;
				SUPPORTED_PLATFORMS = "iphoneos iphonesimulator";
				SUPPORTS_MACCATALYST = NO;
				SUPPORTS_MAC_DESIGNED_FOR_IPHONE_IPAD = NO;
				SWIFT_EMIT_LOC_STRINGS = YES;
				TARGETED_DEVICE_FAMILY = "1,2";
			};
			name = Release;
		};
/* End XCBuildConfiguration section */

/* Begin XCConfigurationList section */
		8A4886692A379C2A006399FF /* Build configuration list for PBXProject "EspExtLib" */ = {
			isa = XCConfigurationList;
			buildConfigurations = (
				8A4886742A379C2A006399FF /* Debug */,
				8A4886752A379C2A006399FF /* Release */,
			);
			defaultConfigurationIsVisible = 0;
			defaultConfigurationName = Release;
		};
		8A4886762A379C2A006399FF /* Build configuration list for PBXNativeTarget "EspExtLib" */ = {
			isa = XCConfigurationList;
			buildConfigurations = (
				8A4886772A379C2A006399FF /* Debug */,
				8A4886782A379C2A006399FF /* Release */,
			);
			defaultConfigurationIsVisible = 0;
			defaultConfigurationName = Release;
		};
/* End XCConfigurationList section */
	};
	rootObject = 8A4886662A379C2A006399FF /* Project object */;
}
